
Microsoft Visual Studio Solution File, Format Version 12.00
# Visual Studio Version 17
VisualStudioVersion = 17.9.34616.47
MinimumVisualStudioVersion = 10.0.40219.1
Project("{FAE04EC0-301F-11D3-BF4B-00C04F79EFBC}") = "Test1", "Test1\Test1.csproj", "{BA728CEA-84DB-44FB-85FE-86F4F6B6F855}"
EndProject
Global
	GlobalSection(SolutionConfigurationPlatforms) = preSolution
		Debug|Any CPU = Debug|Any CPU
		Release|Any CPU = Release|Any CPU
	EndGlobalSection
	GlobalSection(ProjectConfigurationPlatforms) = postSolution
		{BA728CEA-84DB-44FB-85FE-86F4F6B6F855}.Debug|Any CPU.ActiveCfg = Debug|Any CPU
		{BA728CEA-84DB-44FB-85FE-86F4F6B6F855}.Debug|Any CPU.Build.0 = Debug|Any CPU
		{BA728CEA-84DB-44FB-85FE-86F4F6B6F855}.Release|Any CPU.ActiveCfg = Release|Any CPU
		{BA728CEA-84DB-44FB-85FE-86F4F6B6F855}.Release|Any CPU.Build.0 = Release|Any CPU
	EndGlobalSection
	GlobalSection(SolutionProperties) = preSolution
		HideSolutionNode = FALSE
	EndGlobalSection
	GlobalSection(ExtensibilityGlobals) = postSolution
		SolutionGuid = {E4939F64-38B4-4A26-A802-79BDF4C87661}
	EndGlobalSection
EndGlobal
